
Microsoft Visual Studio Solution File, Format Version 12.00
# Visual Studio Version 16
VisualStudioVersion = 16.0.30615.102
MinimumVisualStudioVersion = 10.0.40219.1
Project("{FAE04EC0-301F-11D3-BF4B-00C04F79EFBC}") = "RandomPhrases", "RandomPhrases\RandomPhrases.csproj", "{10C54538-454B-4F7B-A70B-6F9519209508}"
EndProject
Global
	GlobalSection(SolutionConfigurationPlatforms) = preSolution
		Debug|Any CPU = Debug|Any CPU
		Release|Any CPU = Release|Any CPU
	EndGlobalSection
	GlobalSection(ProjectConfigurationPlatforms) = postSolution
		{10C54538-454B-4F7B-A70B-6F9519209508}.Debug|Any CPU.ActiveCfg = Debug|Any CPU
		{10C54538-454B-4F7B-A70B-6F9519209508}.Debug|Any CPU.Build.0 = Debug|Any CPU
		{10C54538-454B-4F7B-A70B-6F9519209508}.Release|Any CPU.ActiveCfg = Release|Any CPU
		{10C54538-454B-4F7B-A70B-6F9519209508}.Release|Any CPU.Build.0 = Release|Any CPU
	EndGlobalSection
	GlobalSection(SolutionProperties) = preSolution
		HideSolutionNode = FALSE
	EndGlobalSection
	GlobalSection(ExtensibilityGlobals) = postSolution
		SolutionGuid = {9E253DE1-F590-4E47-AD8E-59DB236F8DCC}
	EndGlobalSection
EndGlobal
